// !$*UTF8*$!
{
	archiveVersion = 1;
	classes = {
	};
	objectVersion = 50;
	objects = {

/* Begin PBXBuildFile section */
		25C845CE2417CF17008FC588 /* T1Array.m in Sources */ = {isa = PBXBuildFile; fileRef = 25C845CC2417CF17008FC588 /* T1Array.m */; };
		25C845CF2417CF17008FC588 /* T1Array.pdf in Resources */ = {isa = PBXBuildFile; fileRef = 25C845CD2417CF17008FC588 /* T1Array.pdf */; };
		25C845D32417CF4A008FC588 /* MiniMaxSumPdf.pdf in Resources */ = {isa = PBXBuildFile; fileRef = 25C845D02417CF4A008FC588 /* MiniMaxSumPdf.pdf */; };
		25C845D42417CF4A008FC588 /* MiniMaxArrayConverter.m in Sources */ = {isa = PBXBuildFile; fileRef = 25C845D22417CF4A008FC588 /* MiniMaxArrayConverter.m */; };
		25C845D82417CF82008FC588 /* BillCounter.m in Sources */ = {isa = PBXBuildFile; fileRef = 25C845D52417CF82008FC588 /* BillCounter.m */; };
		25C845D92417CF82008FC588 /* BillCounter.pdf in Resources */ = {isa = PBXBuildFile; fileRef = 25C845D62417CF82008FC588 /* BillCounter.pdf */; };
		25C845DD2417CFAD008FC588 /* Parser.m in Sources */ = {isa = PBXBuildFile; fileRef = 25C845DB2417CFAD008FC588 /* Parser.m */; };
		25C845DE2417CFAD008FC588 /* StringParser.pdf in Resources */ = {isa = PBXBuildFile; fileRef = 25C845DC2417CFAD008FC588 /* StringParser.pdf */; };
		25C845E22417CFC9008FC588 /* PalindromeSolver.m in Sources */ = {isa = PBXBuildFile; fileRef = 25C845DF2417CFC9008FC588 /* PalindromeSolver.m */; };
		25C845E32417CFC9008FC588 /* HighestPalindrom.pdf in Resources */ = {isa = PBXBuildFile; fileRef = 25C845E02417CFC9008FC588 /* HighestPalindrom.pdf */; };
		25C845E52417DA4B008FC588 /* BillCounterTests.m in Sources */ = {isa = PBXBuildFile; fileRef = 25C845C42417CE12008FC588 /* BillCounterTests.m */; };
		25C845E62417DA54008FC588 /* HighestPalindromeTests.m in Sources */ = {isa = PBXBuildFile; fileRef = 25C845C22417CE12008FC588 /* HighestPalindromeTests.m */; };
		25C845E72417DA54008FC588 /* MiniMaxSumTests.m in Sources */ = {isa = PBXBuildFile; fileRef = 25C845C32417CE12008FC588 /* MiniMaxSumTests.m */; };
		25C845E82417DA54008FC588 /* StringParseTests.m in Sources */ = {isa = PBXBuildFile; fileRef = 25C845C12417CE12008FC588 /* StringParseTests.m */; };
		25C845E92417DA54008FC588 /* T1ArrayTests.m in Sources */ = {isa = PBXBuildFile; fileRef = 25C845C52417CE12008FC588 /* T1ArrayTests.m */; };
		BDBA865022419F4D00AFC095 /* AppDelegate.m in Sources */ = {isa = PBXBuildFile; fileRef = BDBA864F22419F4D00AFC095 /* AppDelegate.m */; };
		BDBA865222419F4E00AFC095 /* Assets.xcassets in Resources */ = {isa = PBXBuildFile; fileRef = BDBA865122419F4E00AFC095 /* Assets.xcassets */; };
		BDBA865522419F4E00AFC095 /* LaunchScreen.storyboard in Resources */ = {isa = PBXBuildFile; fileRef = BDBA865322419F4E00AFC095 /* LaunchScreen.storyboard */; };
		BDBA865822419F4E00AFC095 /* main.m in Sources */ = {isa = PBXBuildFile; fileRef = BDBA865722419F4E00AFC095 /* main.m */; };
/* End PBXBuildFile section */

/* Begin PBXContainerItemProxy section */
		BDBA865E22419F4E00AFC095 /* PBXContainerItemProxy */ = {
			isa = PBXContainerItemProxy;
			containerPortal = BDBA864322419F4D00AFC095 /* Project object */;
			proxyType = 1;
			remoteGlobalIDString = BDBA864A22419F4D00AFC095;
			remoteInfo = RSSchool_T1;
		};
/* End PBXContainerItemProxy section */

/* Begin PBXFileReference section */
		25C845C12417CE12008FC588 /* StringParseTests.m */ = {isa = PBXFileReference; fileEncoding = 4; lastKnownFileType = sourcecode.c.objc; path = StringParseTests.m; sourceTree = "<group>"; };
		25C845C22417CE12008FC588 /* HighestPalindromeTests.m */ = {isa = PBXFileReference; fileEncoding = 4; lastKnownFileType = sourcecode.c.objc; path = HighestPalindromeTests.m; sourceTree = "<group>"; };
		25C845C32417CE12008FC588 /* MiniMaxSumTests.m */ = {isa = PBXFileReference; fileEncoding = 4; lastKnownFileType = sourcecode.c.objc; path = MiniMaxSumTests.m; sourceTree = "<group>"; };
		25C845C42417CE12008FC588 /* BillCounterTests.m */ = {isa = PBXFileReference; fileEncoding = 4; lastKnownFileType = sourcecode.c.objc; path = BillCounterTests.m; sourceTree = "<group>"; };
		25C845C52417CE12008FC588 /* T1ArrayTests.m */ = {isa = PBXFileReference; fileEncoding = 4; lastKnownFileType = sourcecode.c.objc; path = T1ArrayTests.m; sourceTree = "<group>"; };
		25C845CB2417CF17008FC588 /* T1Array.h */ = {isa = PBXFileReference; fileEncoding = 4; lastKnownFileType = sourcecode.c.h; path = T1Array.h; sourceTree = "<group>"; };
		25C845CC2417CF17008FC588 /* T1Array.m */ = {isa = PBXFileReference; fileEncoding = 4; lastKnownFileType = sourcecode.c.objc; path = T1Array.m; sourceTree = "<group>"; };
		25C845CD2417CF17008FC588 /* T1Array.pdf */ = {isa = PBXFileReference; lastKnownFileType = image.pdf; path = T1Array.pdf; sourceTree = "<group>"; };
		25C845D02417CF4A008FC588 /* MiniMaxSumPdf.pdf */ = {isa = PBXFileReference; lastKnownFileType = image.pdf; path = MiniMaxSumPdf.pdf; sourceTree = "<group>"; };
		25C845D12417CF4A008FC588 /* MiniMaxArrayConverter.h */ = {isa = PBXFileReference; fileEncoding = 4; lastKnownFileType = sourcecode.c.h; path = MiniMaxArrayConverter.h; sourceTree = "<group>"; };
		25C845D22417CF4A008FC588 /* MiniMaxArrayConverter.m */ = {isa = PBXFileReference; fileEncoding = 4; lastKnownFileType = sourcecode.c.objc; path = MiniMaxArrayConverter.m; sourceTree = "<group>"; };
		25C845D52417CF82008FC588 /* BillCounter.m */ = {isa = PBXFileReference; fileEncoding = 4; lastKnownFileType = sourcecode.c.objc; path = BillCounter.m; sourceTree = "<group>"; };
		25C845D62417CF82008FC588 /* BillCounter.pdf */ = {isa = PBXFileReference; lastKnownFileType = image.pdf; path = BillCounter.pdf; sourceTree = "<group>"; };
		25C845D72417CF82008FC588 /* BillCounter.h */ = {isa = PBXFileReference; fileEncoding = 4; lastKnownFileType = sourcecode.c.h; path = BillCounter.h; sourceTree = "<group>"; };
		25C845DA2417CFAD008FC588 /* Parser.h */ = {isa = PBXFileReference; fileEncoding = 4; lastKnownFileType = sourcecode.c.h; path = Parser.h; sourceTree = "<group>"; };
		25C845DB2417CFAD008FC588 /* Parser.m */ = {isa = PBXFileReference; fileEncoding = 4; lastKnownFileType = sourcecode.c.objc; path = Parser.m; sourceTree = "<group>"; };
		25C845DC2417CFAD008FC588 /* StringParser.pdf */ = {isa = PBXFileReference; lastKnownFileType = image.pdf; path = StringParser.pdf; sourceTree = "<group>"; };
		25C845DF2417CFC9008FC588 /* PalindromeSolver.m */ = {isa = PBXFileReference; fileEncoding = 4; lastKnownFileType = sourcecode.c.objc; path = PalindromeSolver.m; sourceTree = "<group>"; };
		25C845E02417CFC9008FC588 /* HighestPalindrom.pdf */ = {isa = PBXFileReference; lastKnownFileType = image.pdf; path = HighestPalindrom.pdf; sourceTree = "<group>"; };
		25C845E12417CFC9008FC588 /* PalindromeSolver.h */ = {isa = PBXFileReference; fileEncoding = 4; lastKnownFileType = sourcecode.c.h; path = PalindromeSolver.h; sourceTree = "<group>"; };
		BDBA864B22419F4D00AFC095 /* RSSchool_T1.app */ = {isa = PBXFileReference; explicitFileType = wrapper.application; includeInIndex = 0; path = RSSchool_T1.app; sourceTree = BUILT_PRODUCTS_DIR; };
		BDBA864E22419F4D00AFC095 /* AppDelegate.h */ = {isa = PBXFileReference; lastKnownFileType = sourcecode.c.h; path = AppDelegate.h; sourceTree = "<group>"; };
		BDBA864F22419F4D00AFC095 /* AppDelegate.m */ = {isa = PBXFileReference; lastKnownFileType = sourcecode.c.objc; path = AppDelegate.m; sourceTree = "<group>"; };
		BDBA865122419F4E00AFC095 /* Assets.xcassets */ = {isa = PBXFileReference; lastKnownFileType = folder.assetcatalog; path = Assets.xcassets; sourceTree = "<group>"; };
		BDBA865422419F4E00AFC095 /* Base */ = {isa = PBXFileReference; lastKnownFileType = file.storyboard; name = Base; path = Base.lproj/LaunchScreen.storyboard; sourceTree = "<group>"; };
		BDBA865622419F4E00AFC095 /* Info.plist */ = {isa = PBXFileReference; lastKnownFileType = text.plist.xml; path = Info.plist; sourceTree = "<group>"; };
		BDBA865722419F4E00AFC095 /* main.m */ = {isa = PBXFileReference; lastKnownFileType = sourcecode.c.objc; path = main.m; sourceTree = "<group>"; };
		BDBA865D22419F4E00AFC095 /* RSSchool_T1Tests.xctest */ = {isa = PBXFileReference; explicitFileType = wrapper.cfbundle; includeInIndex = 0; path = RSSchool_T1Tests.xctest; sourceTree = BUILT_PRODUCTS_DIR; };
		BDBA866322419F4E00AFC095 /* Info.plist */ = {isa = PBXFileReference; lastKnownFileType = text.plist.xml; path = Info.plist; sourceTree = "<group>"; };
/* End PBXFileReference section */

/* Begin PBXFrameworksBuildPhase section */
		BDBA864822419F4D00AFC095 /* Frameworks */ = {
			isa = PBXFrameworksBuildPhase;
			buildActionMask = 2147483647;
			files = (
			);
			runOnlyForDeploymentPostprocessing = 0;
		};
		BDBA865A22419F4E00AFC095 /* Frameworks */ = {
			isa = PBXFrameworksBuildPhase;
			buildActionMask = 2147483647;
			files = (
			);
			runOnlyForDeploymentPostprocessing = 0;
		};
/* End PBXFrameworksBuildPhase section */

/* Begin PBXGroup section */
		BDBA864222419F4D00AFC095 = {
			isa = PBXGroup;
			children = (
				BDBA864D22419F4D00AFC095 /* RSSchool_T1 */,
				BDBA866022419F4E00AFC095 /* RSSchool_T1Tests */,
				BDBA864C22419F4D00AFC095 /* Products */,
			);
			sourceTree = "<group>";
		};
		BDBA864C22419F4D00AFC095 /* Products */ = {
			isa = PBXGroup;
			children = (
				BDBA864B22419F4D00AFC095 /* RSSchool_T1.app */,
				BDBA865D22419F4E00AFC095 /* RSSchool_T1Tests.xctest */,
			);
			name = Products;
			sourceTree = "<group>";
		};
		BDBA864D22419F4D00AFC095 /* RSSchool_T1 */ = {
			isa = PBXGroup;
			children = (
				BDBA866C2241A0E700AFC095 /* Exercises */,
				BDBA864E22419F4D00AFC095 /* AppDelegate.h */,
				BDBA864F22419F4D00AFC095 /* AppDelegate.m */,
				BDBA865122419F4E00AFC095 /* Assets.xcassets */,
				BDBA865322419F4E00AFC095 /* LaunchScreen.storyboard */,
				BDBA865622419F4E00AFC095 /* Info.plist */,
				BDBA865722419F4E00AFC095 /* main.m */,
			);
			path = RSSchool_T1;
			sourceTree = "<group>";
		};
		BDBA866022419F4E00AFC095 /* RSSchool_T1Tests */ = {
			isa = PBXGroup;
			children = (
				25C845C42417CE12008FC588 /* BillCounterTests.m */,
				25C845C22417CE12008FC588 /* HighestPalindromeTests.m */,
				25C845C32417CE12008FC588 /* MiniMaxSumTests.m */,
				25C845C12417CE12008FC588 /* StringParseTests.m */,
				25C845C52417CE12008FC588 /* T1ArrayTests.m */,
				BDBA866322419F4E00AFC095 /* Info.plist */,
			);
			path = RSSchool_T1Tests;
			sourceTree = "<group>";
		};
		BDBA866C2241A0E700AFC095 /* Exercises */ = {
			isa = PBXGroup;
			children = (
				BDBA868F22424AFA00AFC095 /* 1 */,
				BDBA869B2242520000AFC095 /* 2 */,
				BDBA86752241A9F000AFC095 /* 3 */,
				BDBA86762241AA8400AFC095 /* 4 */,
				BDBA86872242461B00AFC095 /* 5 */,
			);
			path = Exercises;
			sourceTree = "<group>";
		};
		BDBA86752241A9F000AFC095 /* 3 */ = {
			isa = PBXGroup;
			children = (
				25C845D62417CF82008FC588 /* BillCounter.pdf */,
				25C845D72417CF82008FC588 /* BillCounter.h */,
				25C845D52417CF82008FC588 /* BillCounter.m */,
			);
			path = 3;
			sourceTree = "<group>";
		};
		BDBA86762241AA8400AFC095 /* 4 */ = {
			isa = PBXGroup;
			children = (
				25C845DC2417CFAD008FC588 /* StringParser.pdf */,
				25C845DA2417CFAD008FC588 /* Parser.h */,
				25C845DB2417CFAD008FC588 /* Parser.m */,
			);
			path = 4;
			sourceTree = "<group>";
		};
		BDBA86872242461B00AFC095 /* 5 */ = {
			isa = PBXGroup;
			children = (
				25C845E02417CFC9008FC588 /* HighestPalindrom.pdf */,
				25C845E12417CFC9008FC588 /* PalindromeSolver.h */,
				25C845DF2417CFC9008FC588 /* PalindromeSolver.m */,
			);
			path = 5;
			sourceTree = "<group>";
		};
		BDBA868F22424AFA00AFC095 /* 1 */ = {
			isa = PBXGroup;
			children = (
				25C845CD2417CF17008FC588 /* T1Array.pdf */,
				25C845CB2417CF17008FC588 /* T1Array.h */,
				25C845CC2417CF17008FC588 /* T1Array.m */,
			);
			path = 1;
			sourceTree = "<group>";
		};
		BDBA869B2242520000AFC095 /* 2 */ = {
			isa = PBXGroup;
			children = (
				25C845D02417CF4A008FC588 /* MiniMaxSumPdf.pdf */,
				25C845D12417CF4A008FC588 /* MiniMaxArrayConverter.h */,
				25C845D22417CF4A008FC588 /* MiniMaxArrayConverter.m */,
			);
			path = 2;
			sourceTree = "<group>";
		};
/* End PBXGroup section */

/* Begin PBXNativeTarget section */
		BDBA864A22419F4D00AFC095 /* RSSchool_T1 */ = {
			isa = PBXNativeTarget;
			buildConfigurationList = BDBA866622419F4E00AFC095 /* Build configuration list for PBXNativeTarget "RSSchool_T1" */;
			buildPhases = (
				BDBA864722419F4D00AFC095 /* Sources */,
				BDBA864822419F4D00AFC095 /* Frameworks */,
				BDBA864922419F4D00AFC095 /* Resources */,
			);
			buildRules = (
			);
			dependencies = (
			);
			name = RSSchool_T1;
			productName = RSSchool_T1;
			productReference = BDBA864B22419F4D00AFC095 /* RSSchool_T1.app */;
			productType = "com.apple.product-type.application";
		};
		BDBA865C22419F4E00AFC095 /* RSSchool_T1Tests */ = {
			isa = PBXNativeTarget;
			buildConfigurationList = BDBA866922419F4E00AFC095 /* Build configuration list for PBXNativeTarget "RSSchool_T1Tests" */;
			buildPhases = (
				BDBA865922419F4E00AFC095 /* Sources */,
				BDBA865A22419F4E00AFC095 /* Frameworks */,
				BDBA865B22419F4E00AFC095 /* Resources */,
			);
			buildRules = (
			);
			dependencies = (
				BDBA865F22419F4E00AFC095 /* PBXTargetDependency */,
			);
			name = RSSchool_T1Tests;
			productName = RSSchool_T1Tests;
			productReference = BDBA865D22419F4E00AFC095 /* RSSchool_T1Tests.xctest */;
			productType = "com.apple.product-type.bundle.unit-test";
		};
/* End PBXNativeTarget section */

/* Begin PBXProject section */
		BDBA864322419F4D00AFC095 /* Project object */ = {
			isa = PBXProject;
			attributes = {
				LastUpgradeCheck = 1010;
				ORGANIZATIONNAME = iOSLab;
				TargetAttributes = {
					BDBA864A22419F4D00AFC095 = {
						CreatedOnToolsVersion = 10.1;
					};
					BDBA865C22419F4E00AFC095 = {
						CreatedOnToolsVersion = 10.1;
						TestTargetID = BDBA864A22419F4D00AFC095;
					};
				};
			};
			buildConfigurationList = BDBA864622419F4D00AFC095 /* Build configuration list for PBXProject "RSSchool_T1" */;
			compatibilityVersion = "Xcode 9.3";
			developmentRegion = en;
			hasScannedForEncodings = 0;
			knownRegions = (
				en,
				Base,
			);
			mainGroup = BDBA864222419F4D00AFC095;
			productRefGroup = BDBA864C22419F4D00AFC095 /* Products */;
			projectDirPath = "";
			projectRoot = "";
			targets = (
				BDBA864A22419F4D00AFC095 /* RSSchool_T1 */,
				BDBA865C22419F4E00AFC095 /* RSSchool_T1Tests */,
			);
		};
/* End PBXProject section */

/* Begin PBXResourcesBuildPhase section */
		BDBA864922419F4D00AFC095 /* Resources */ = {
			isa = PBXResourcesBuildPhase;
			buildActionMask = 2147483647;
			files = (
				25C845E32417CFC9008FC588 /* HighestPalindrom.pdf in Resources */,
				25C845CF2417CF17008FC588 /* T1Array.pdf in Resources */,
				BDBA865222419F4E00AFC095 /* Assets.xcassets in Resources */,
				BDBA865522419F4E00AFC095 /* LaunchScreen.storyboard in Resources */,
				25C845D92417CF82008FC588 /* BillCounter.pdf in Resources */,
				25C845DE2417CFAD008FC588 /* StringParser.pdf in Resources */,
				25C845D32417CF4A008FC588 /* MiniMaxSumPdf.pdf in Resources */,
			);
			runOnlyForDeploymentPostprocessing = 0;
		};
		BDBA865B22419F4E00AFC095 /* Resources */ = {
			isa = PBXResourcesBuildPhase;
			buildActionMask = 2147483647;
			files = (
			);
			runOnlyForDeploymentPostprocessing = 0;
		};
/* End PBXResourcesBuildPhase section */

/* Begin PBXSourcesBuildPhase section */
		BDBA864722419F4D00AFC095 /* Sources */ = {
			isa = PBXSourcesBuildPhase;
			buildActionMask = 2147483647;
			files = (
				25C845D42417CF4A008FC588 /* MiniMaxArrayConverter.m in Sources */,
				25C845D82417CF82008FC588 /* BillCounter.m in Sources */,
				BDBA865822419F4E00AFC095 /* main.m in Sources */,
				BDBA865022419F4D00AFC095 /* AppDelegate.m in Sources */,
				25C845E22417CFC9008FC588 /* PalindromeSolver.m in Sources */,
				25C845DD2417CFAD008FC588 /* Parser.m in Sources */,
				25C845CE2417CF17008FC588 /* T1Array.m in Sources */,
			);
			runOnlyForDeploymentPostprocessing = 0;
		};
		BDBA865922419F4E00AFC095 /* Sources */ = {
			isa = PBXSourcesBuildPhase;
			buildActionMask = 2147483647;
			files = (
				25C845E62417DA54008FC588 /* HighestPalindromeTests.m in Sources */,
				25C845E72417DA54008FC588 /* MiniMaxSumTests.m in Sources */,
				25C845E82417DA54008FC588 /* StringParseTests.m in Sources */,
				25C845E92417DA54008FC588 /* T1ArrayTests.m in Sources */,
				25C845E52417DA4B008FC588 /* BillCounterTests.m in Sources */,
			);
			runOnlyForDeploymentPostprocessing = 0;
		};
/* End PBXSourcesBuildPhase section */

/* Begin PBXTargetDependency section */
		BDBA865F22419F4E00AFC095 /* PBXTargetDependency */ = {
			isa = PBXTargetDependency;
			target = BDBA864A22419F4D00AFC095 /* RSSchool_T1 */;
			targetProxy = BDBA865E22419F4E00AFC095 /* PBXContainerItemProxy */;
		};
/* End PBXTargetDependency section */

/* Begin PBXVariantGroup section */
		BDBA865322419F4E00AFC095 /* LaunchScreen.storyboard */ = {
			isa = PBXVariantGroup;
			children = (
				BDBA865422419F4E00AFC095 /* Base */,
			);
			name = LaunchScreen.storyboard;
			sourceTree = "<group>";
		};
/* End PBXVariantGroup section */

/* Begin XCBuildConfiguration section */
		BDBA866422419F4E00AFC095 /* Debug */ = {
			isa = XCBuildConfiguration;
			buildSettings = {
				ALWAYS_SEARCH_USER_PATHS = NO;
				CLANG_ANALYZER_NONNULL = YES;
				CLANG_ANALYZER_NUMBER_OBJECT_CONVERSION = YES_AGGRESSIVE;
				CLANG_CXX_LANGUAGE_STANDARD = "gnu++14";
				CLANG_CXX_LIBRARY = "libc++";
				CLANG_ENABLE_MODULES = YES;
				CLANG_ENABLE_OBJC_ARC = YES;
				CLANG_ENABLE_OBJC_WEAK = YES;
				CLANG_WARN_BLOCK_CAPTURE_AUTORELEASING = YES;
				CLANG_WARN_BOOL_CONVERSION = YES;
				CLANG_WARN_COMMA = YES;
				CLANG_WARN_CONSTANT_CONVERSION = YES;
				CLANG_WARN_DEPRECATED_OBJC_IMPLEMENTATIONS = YES;
				CLANG_WARN_DIRECT_OBJC_ISA_USAGE = YES_ERROR;
				CLANG_WARN_DOCUMENTATION_COMMENTS = YES;
				CLANG_WARN_EMPTY_BODY = YES;
				CLANG_WARN_ENUM_CONVERSION = YES;
				CLANG_WARN_INFINITE_RECURSION = YES;
				CLANG_WARN_INT_CONVERSION = YES;
				CLANG_WARN_NON_LITERAL_NULL_CONVERSION = YES;
				CLANG_WARN_OBJC_IMPLICIT_RETAIN_SELF = YES;
				CLANG_WARN_OBJC_LITERAL_CONVERSION = YES;
				CLANG_WARN_OBJC_ROOT_CLASS = YES_ERROR;
				CLANG_WARN_RANGE_LOOP_ANALYSIS = YES;
				CLANG_WARN_STRICT_PROTOTYPES = YES;
				CLANG_WARN_SUSPICIOUS_MOVE = YES;
				CLANG_WARN_UNGUARDED_AVAILABILITY = YES_AGGRESSIVE;
				CLANG_WARN_UNREACHABLE_CODE = YES;
				CLANG_WARN__DUPLICATE_METHOD_MATCH = YES;
				CODE_SIGN_IDENTITY = "iPhone Developer";
				COPY_PHASE_STRIP = NO;
				DEBUG_INFORMATION_FORMAT = dwarf;
				ENABLE_STRICT_OBJC_MSGSEND = YES;
				ENABLE_TESTABILITY = YES;
				GCC_C_LANGUAGE_STANDARD = gnu11;
				GCC_DYNAMIC_NO_PIC = NO;
				GCC_NO_COMMON_BLOCKS = YES;
				GCC_OPTIMIZATION_LEVEL = 0;
				GCC_PREPROCESSOR_DEFINITIONS = (
					"DEBUG=1",
					"$(inherited)",
				);
				GCC_WARN_64_TO_32_BIT_CONVERSION = YES;
				GCC_WARN_ABOUT_RETURN_TYPE = YES_ERROR;
				GCC_WARN_UNDECLARED_SELECTOR = YES;
				GCC_WARN_UNINITIALIZED_AUTOS = YES_AGGRESSIVE;
				GCC_WARN_UNUSED_FUNCTION = YES;
				GCC_WARN_UNUSED_VARIABLE = YES;
				IPHONEOS_DEPLOYMENT_TARGET = 12.1;
				MTL_ENABLE_DEBUG_INFO = INCLUDE_SOURCE;
				MTL_FAST_MATH = YES;
				ONLY_ACTIVE_ARCH = YES;
				SDKROOT = iphoneos;
			};
			name = Debug;
		};
		BDBA866522419F4E00AFC095 /* Release */ = {
			isa = XCBuildConfiguration;
			buildSettings = {
				ALWAYS_SEARCH_USER_PATHS = NO;
				CLANG_ANALYZER_NONNULL = YES;
				CLANG_ANALYZER_NUMBER_OBJECT_CONVERSION = YES_AGGRESSIVE;
				CLANG_CXX_LANGUAGE_STANDARD = "gnu++14";
				CLANG_CXX_LIBRARY = "libc++";
				CLANG_ENABLE_MODULES = YES;
				CLANG_ENABLE_OBJC_ARC = YES;
				CLANG_ENABLE_OBJC_WEAK = YES;
				CLANG_WARN_BLOCK_CAPTURE_AUTORELEASING = YES;
				CLANG_WARN_BOOL_CONVERSION = YES;
				CLANG_WARN_COMMA = YES;
				CLANG_WARN_CONSTANT_CONVERSION = YES;
				CLANG_WARN_DEPRECATED_OBJC_IMPLEMENTATIONS = YES;
				CLANG_WARN_DIRECT_OBJC_ISA_USAGE = YES_ERROR;
				CLANG_WARN_DOCUMENTATION_COMMENTS = YES;
				CLANG_WARN_EMPTY_BODY = YES;
				CLANG_WARN_ENUM_CONVERSION = YES;
				CLANG_WARN_INFINITE_RECURSION = YES;
				CLANG_WARN_INT_CONVERSION = YES;
				CLANG_WARN_NON_LITERAL_NULL_CONVERSION = YES;
				CLANG_WARN_OBJC_IMPLICIT_RETAIN_SELF = YES;
				CLANG_WARN_OBJC_LITERAL_CONVERSION = YES;
				CLANG_WARN_OBJC_ROOT_CLASS = YES_ERROR;
				CLANG_WARN_RANGE_LOOP_ANALYSIS = YES;
				CLANG_WARN_STRICT_PROTOTYPES = YES;
				CLANG_WARN_SUSPICIOUS_MOVE = YES;
				CLANG_WARN_UNGUARDED_AVAILABILITY = YES_AGGRESSIVE;
				CLANG_WARN_UNREACHABLE_CODE = YES;
				CLANG_WARN__DUPLICATE_METHOD_MATCH = YES;
				CODE_SIGN_IDENTITY = "iPhone Developer";
				COPY_PHASE_STRIP = NO;
				DEBUG_INFORMATION_FORMAT = "dwarf-with-dsym";
				ENABLE_NS_ASSERTIONS = NO;
				ENABLE_STRICT_OBJC_MSGSEND = YES;
				GCC_C_LANGUAGE_STANDARD = gnu11;
				GCC_NO_COMMON_BLOCKS = YES;
				GCC_WARN_64_TO_32_BIT_CONVERSION = YES;
				GCC_WARN_ABOUT_RETURN_TYPE = YES_ERROR;
				GCC_WARN_UNDECLARED_SELECTOR = YES;
				GCC_WARN_UNINITIALIZED_AUTOS = YES_AGGRESSIVE;
				GCC_WARN_UNUSED_FUNCTION = YES;
				GCC_WARN_UNUSED_VARIABLE = YES;
				IPHONEOS_DEPLOYMENT_TARGET = 12.1;
				MTL_ENABLE_DEBUG_INFO = NO;
				MTL_FAST_MATH = YES;
				SDKROOT = iphoneos;
				VALIDATE_PRODUCT = YES;
			};
			name = Release;
		};
		BDBA866722419F4E00AFC095 /* Debug */ = {
			isa = XCBuildConfiguration;
			buildSettings = {
				ASSETCATALOG_COMPILER_APPICON_NAME = AppIcon;
				CODE_SIGN_STYLE = Automatic;
				INFOPLIST_FILE = RSSchool_T1/Info.plist;
				LD_RUNPATH_SEARCH_PATHS = (
					"$(inherited)",
					"@executable_path/Frameworks",
				);
				PRODUCT_BUNDLE_IDENTIFIER = "RSSchool.RSSchool-T1";
				PRODUCT_NAME = "$(TARGET_NAME)";
				TARGETED_DEVICE_FAMILY = "1,2";
			};
			name = Debug;
		};
		BDBA866822419F4E00AFC095 /* Release */ = {
			isa = XCBuildConfiguration;
			buildSettings = {
				ASSETCATALOG_COMPILER_APPICON_NAME = AppIcon;
				CODE_SIGN_STYLE = Automatic;
				INFOPLIST_FILE = RSSchool_T1/Info.plist;
				LD_RUNPATH_SEARCH_PATHS = (
					"$(inherited)",
					"@executable_path/Frameworks",
				);
				PRODUCT_BUNDLE_IDENTIFIER = "RSSchool.RSSchool-T1";
				PRODUCT_NAME = "$(TARGET_NAME)";
				TARGETED_DEVICE_FAMILY = "1,2";
			};
			name = Release;
		};
		BDBA866A22419F4E00AFC095 /* Debug */ = {
			isa = XCBuildConfiguration;
			buildSettings = {
				BUNDLE_LOADER = "$(TEST_HOST)";
				CODE_SIGN_STYLE = Automatic;
				INFOPLIST_FILE = RSSchool_T1Tests/Info.plist;
				LD_RUNPATH_SEARCH_PATHS = (
					"$(inherited)",
					"@executable_path/Frameworks",
					"@loader_path/Frameworks",
				);
				PRODUCT_BUNDLE_IDENTIFIER = "RSSchool.RSSchool-T1Tests";
				PRODUCT_NAME = "$(TARGET_NAME)";
				TARGETED_DEVICE_FAMILY = "1,2";
				TEST_HOST = "$(BUILT_PRODUCTS_DIR)/RSSchool_T1.app/RSSchool_T1";
			};
			name = Debug;
		};
		BDBA866B22419F4E00AFC095 /* Release */ = {
			isa = XCBuildConfiguration;
			buildSettings = {
				BUNDLE_LOADER = "$(TEST_HOST)";
				CODE_SIGN_STYLE = Automatic;
				INFOPLIST_FILE = RSSchool_T1Tests/Info.plist;
				LD_RUNPATH_SEARCH_PATHS = (
					"$(inherited)",
					"@executable_path/Frameworks",
					"@loader_path/Frameworks",
				);
				PRODUCT_BUNDLE_IDENTIFIER = "RSSchool.RSSchool-T1Tests";
				PRODUCT_NAME = "$(TARGET_NAME)";
				TARGETED_DEVICE_FAMILY = "1,2";
				TEST_HOST = "$(BUILT_PRODUCTS_DIR)/RSSchool_T1.app/RSSchool_T1";
			};
			name = Release;
		};
/* End XCBuildConfiguration section */

/* Begin XCConfigurationList section */
		BDBA864622419F4D00AFC095 /* Build configuration list for PBXProject "RSSchool_T1" */ = {
			isa = XCConfigurationList;
			buildConfigurations = (
				BDBA866422419F4E00AFC095 /* Debug */,
				BDBA866522419F4E00AFC095 /* Release */,
			);
			defaultConfigurationIsVisible = 0;
			defaultConfigurationName = Release;
		};
		BDBA866622419F4E00AFC095 /* Build configuration list for PBXNativeTarget "RSSchool_T1" */ = {
			isa = XCConfigurationList;
			buildConfigurations = (
				BDBA866722419F4E00AFC095 /* Debug */,
				BDBA866822419F4E00AFC095 /* Release */,
			);
			defaultConfigurationIsVisible = 0;
			defaultConfigurationName = Release;
		};
		BDBA866922419F4E00AFC095 /* Build configuration list for PBXNativeTarget "RSSchool_T1Tests" */ = {
			isa = XCConfigurationList;
			buildConfigurations = (
				BDBA866A22419F4E00AFC095 /* Debug */,
				BDBA866B22419F4E00AFC095 /* Release */,
			);
			defaultConfigurationIsVisible = 0;
			defaultConfigurationName = Release;
		};
/* End XCConfigurationList section */
	};
	rootObject = BDBA864322419F4D00AFC095 /* Project object */;
}
